
Microsoft Visual Studio Solution File, Format Version 12.00
# Visual Studio Version 17
VisualStudioVersion = 17.3.32811.315
MinimumVisualStudioVersion = 10.0.40219.1
Project("{9A19103F-16F7-4668-BE54-9A1E7A4F7556}") = "StackMemoryCollections", "Src\StackMemoryCollections\StackMemoryCollections.csproj", "{5817036F-1429-4F48-834B-5E4BC662FA1D}"
EndProject
Project("{9A19103F-16F7-4668-BE54-9A1E7A4F7556}") = "Tests", "Src\Tests\Tests.csproj", "{026D2A25-43F7-4DFB-83BC-3861FC4DF6A5}"
EndProject
Project("{9A19103F-16F7-4668-BE54-9A1E7A4F7556}") = "Benchmark", "Src\Benchmarks\Benchmark.csproj", "{0326C3A3-4860-4B09-8D4F-F47371B78F3D}"
EndProject
Global
	GlobalSection(SolutionConfigurationPlatforms) = preSolution
		Debug|Any CPU = Debug|Any CPU
		Release|Any CPU = Release|Any CPU
	EndGlobalSection
	GlobalSection(ProjectConfigurationPlatforms) = postSolution
		{5817036F-1429-4F48-834B-5E4BC662FA1D}.Debug|Any CPU.ActiveCfg = Debug|Any CPU
		{5817036F-1429-4F48-834B-5E4BC662FA1D}.Debug|Any CPU.Build.0 = Debug|Any CPU
		{5817036F-1429-4F48-834B-5E4BC662FA1D}.Release|Any CPU.ActiveCfg = Release|Any CPU
		{5817036F-1429-4F48-834B-5E4BC662FA1D}.Release|Any CPU.Build.0 = Release|Any CPU
		{026D2A25-43F7-4DFB-83BC-3861FC4DF6A5}.Debug|Any CPU.ActiveCfg = Debug|Any CPU
		{026D2A25-43F7-4DFB-83BC-3861FC4DF6A5}.Debug|Any CPU.Build.0 = Debug|Any CPU
		{026D2A25-43F7-4DFB-83BC-3861FC4DF6A5}.Release|Any CPU.ActiveCfg = Release|Any CPU
		{026D2A25-43F7-4DFB-83BC-3861FC4DF6A5}.Release|Any CPU.Build.0 = Release|Any CPU
		{0326C3A3-4860-4B09-8D4F-F47371B78F3D}.Debug|Any CPU.ActiveCfg = Debug|Any CPU
		{0326C3A3-4860-4B09-8D4F-F47371B78F3D}.Debug|Any CPU.Build.0 = Debug|Any CPU
		{0326C3A3-4860-4B09-8D4F-F47371B78F3D}.Release|Any CPU.ActiveCfg = Release|Any CPU
		{0326C3A3-4860-4B09-8D4F-F47371B78F3D}.Release|Any CPU.Build.0 = Release|Any CPU
	EndGlobalSection
	GlobalSection(SolutionProperties) = preSolution
		HideSolutionNode = FALSE
	EndGlobalSection
	GlobalSection(ExtensibilityGlobals) = postSolution
		SolutionGuid = {13827A46-AF65-4191-8EE0-22C7ED2BE5BE}
	EndGlobalSection
EndGlobal
